PODS:
  - TFTransparentNavigationBar (0.5.0)

DEPENDENCIES:
  - TFTransparentNavigationBar (from `../`)

EXTERNAL SOURCES:
  TFTransparentNavigationBar:
    :path: "../"

SPEC CHECKSUMS:
  TFTransparentNavigationBar: e80a81e7f4f663487e1d971055496356a3124fa0

PODFILE CHECKSUM: 7301f8c02dfcd7b551674265e2e48ea16b9a5bc5

COCOAPODS: 1.2.0
